
Microsoft Visual Studio Solution File, Format Version 12.00
# Visual Studio Version 16
VisualStudioVersion = 16.0.29613.14
MinimumVisualStudioVersion = 10.0.40219.1
Project("{8BC9CEB8-8B4A-11D0-8D11-00A0C91BC942}") = "Main", "Krul\Krul.vcxproj", "{408BB471-B081-40F2-A995-F07225447AD5}"
EndProject
Project("{8BC9CEB8-8B4A-11D0-8D11-00A0C91BC942}") = "CurlWrapper", "CurlWrapper\CurlWrapper.vcxproj", "{616AE8E6-4E10-4F22-BA68-B8CEB3D89D24}"
EndProject
Project("{8BC9CEB8-8B4A-11D0-8D11-00A0C91BC942}") = "Interpreter", "Interpreter\Interpreter.vcxproj", "{295EE06E-FFDD-4A73-A196-2F2A26137605}"
EndProject
Global
	GlobalSection(SolutionConfigurationPlatforms) = preSolution
		Debug|x64 = Debug|x64
		Debug|x86 = Debug|x86
		Release|x64 = Release|x64
		Release|x86 = Release|x86
	EndGlobalSection
	GlobalSection(ProjectConfigurationPlatforms) = postSolution
		{408BB471-B081-40F2-A995-F07225447AD5}.Debug|x64.ActiveCfg = Debug|x64
		{408BB471-B081-40F2-A995-F07225447AD5}.Debug|x64.Build.0 = Debug|x64
		{408BB471-B081-40F2-A995-F07225447AD5}.Debug|x86.ActiveCfg = Debug|Win32
		{408BB471-B081-40F2-A995-F07225447AD5}.Debug|x86.Build.0 = Debug|Win32
		{408BB471-B081-40F2-A995-F07225447AD5}.Release|x64.ActiveCfg = Release|x64
		{408BB471-B081-40F2-A995-F07225447AD5}.Release|x64.Build.0 = Release|x64
		{408BB471-B081-40F2-A995-F07225447AD5}.Release|x86.ActiveCfg = Release|Win32
		{408BB471-B081-40F2-A995-F07225447AD5}.Release|x86.Build.0 = Release|Win32
		{616AE8E6-4E10-4F22-BA68-B8CEB3D89D24}.Debug|x64.ActiveCfg = Debug|x64
		{616AE8E6-4E10-4F22-BA68-B8CEB3D89D24}.Debug|x64.Build.0 = Debug|x64
		{616AE8E6-4E10-4F22-BA68-B8CEB3D89D24}.Debug|x86.ActiveCfg = Debug|Win32
		{616AE8E6-4E10-4F22-BA68-B8CEB3D89D24}.Debug|x86.Build.0 = Debug|Win32
		{616AE8E6-4E10-4F22-BA68-B8CEB3D89D24}.Release|x64.ActiveCfg = Release|x64
		{616AE8E6-4E10-4F22-BA68-B8CEB3D89D24}.Release|x64.Build.0 = Release|x64
		{616AE8E6-4E10-4F22-BA68-B8CEB3D89D24}.Release|x86.ActiveCfg = Release|Win32
		{616AE8E6-4E10-4F22-BA68-B8CEB3D89D24}.Release|x86.Build.0 = Release|Win32
		{295EE06E-FFDD-4A73-A196-2F2A26137605}.Debug|x64.ActiveCfg = Debug|x64
		{295EE06E-FFDD-4A73-A196-2F2A26137605}.Debug|x64.Build.0 = Debug|x64
		{295EE06E-FFDD-4A73-A196-2F2A26137605}.Debug|x86.ActiveCfg = Debug|Win32
		{295EE06E-FFDD-4A73-A196-2F2A26137605}.Debug|x86.Build.0 = Debug|Win32
		{295EE06E-FFDD-4A73-A196-2F2A26137605}.Release|x64.ActiveCfg = Release|x64
		{295EE06E-FFDD-4A73-A196-2F2A26137605}.Release|x64.Build.0 = Release|x64
		{295EE06E-FFDD-4A73-A196-2F2A26137605}.Release|x86.ActiveCfg = Release|Win32
		{295EE06E-FFDD-4A73-A196-2F2A26137605}.Release|x86.Build.0 = Release|Win32
	EndGlobalSection
	GlobalSection(SolutionProperties) = preSolution
		HideSolutionNode = FALSE
	EndGlobalSection
	GlobalSection(ExtensibilityGlobals) = postSolution
		SolutionGuid = {8C411744-6F62-4731-AA76-F2E717E34EBD}
	EndGlobalSection
EndGlobal
