<?xml version="1.0" encoding="utf-8"?>
<Project ToolsVersion="4.0" xmlns="http://schemas.microsoft.com/developer/msbuild/2003">
  <ItemGroup>
    <ClCompile Include="pch.cpp" />
    <ClCompile Include="IntergerDoTests.cpp">
      <Filter>Tests</Filter>
    </ClCompile>
    <ClCompile Include="JumpDoTests.cpp">
      <Filter>Tests</Filter>
    </ClCompile>
    <ClCompile Include="StringDoTests.cpp">
      <Filter>Tests</Filter>
    </ClCompile>
    <ClCompile Include="ValueDoTests.cpp">
      <Filter>Tests</Filter>
    </ClCompile>
    <ClCompile Include="FunctionEndDoTests.cpp">
      <Filter>Tests</Filter>
    </ClCompile>
  </ItemGroup>
  <ItemGroup>
    <ClInclude Include="pch.h" />
  </ItemGroup>
  <ItemGroup>
    <None Include="packages.config" />
  </ItemGroup>
  <ItemGroup>
    <Filter Include="Tests">
      <UniqueIdentifier>{89c52625-70e5-406e-bf02-2b247f5de09d}</UniqueIdentifier>
    </Filter>
  </ItemGroup>
</Project>